
Microsoft Visual Studio Solution File, Format Version 12.00
# Visual Studio 15
VisualStudioVersion = 15.0.27428.2011
MinimumVisualStudioVersion = 10.0.40219.1
Project("{9A19103F-16F7-4668-BE54-9A1E7A4F7556}") = "AzureFunctionLoadCSVtoAzureSQL", "AzureFunctionLoadCSVtoAzureSQL\AzureFunctionLoadCSVtoAzureSQL.csproj", "{D3577C32-319D-4498-B725-8DC16D9B78CE}"
EndProject
Project("{FAE04EC0-301F-11D3-BF4B-00C04F79EFBC}") = "NAVWSDAL", "NAVWSDAL\NAVWSDAL.csproj", "{1057D6E9-2EF6-456A-9A01-59E4C4A73703}"
EndProject
Global
	GlobalSection(SolutionConfigurationPlatforms) = preSolution
		Debug|Any CPU = Debug|Any CPU
		Release|Any CPU = Release|Any CPU
	EndGlobalSection
	GlobalSection(ProjectConfigurationPlatforms) = postSolution
		{D3577C32-319D-4498-B725-8DC16D9B78CE}.Debug|Any CPU.ActiveCfg = Debug|Any CPU
		{D3577C32-319D-4498-B725-8DC16D9B78CE}.Debug|Any CPU.Build.0 = Debug|Any CPU
		{D3577C32-319D-4498-B725-8DC16D9B78CE}.Release|Any CPU.ActiveCfg = Release|Any CPU
		{D3577C32-319D-4498-B725-8DC16D9B78CE}.Release|Any CPU.Build.0 = Release|Any CPU
		{1057D6E9-2EF6-456A-9A01-59E4C4A73703}.Debug|Any CPU.ActiveCfg = Debug|Any CPU
		{1057D6E9-2EF6-456A-9A01-59E4C4A73703}.Debug|Any CPU.Build.0 = Debug|Any CPU
		{1057D6E9-2EF6-456A-9A01-59E4C4A73703}.Release|Any CPU.ActiveCfg = Release|Any CPU
		{1057D6E9-2EF6-456A-9A01-59E4C4A73703}.Release|Any CPU.Build.0 = Release|Any CPU
	EndGlobalSection
	GlobalSection(SolutionProperties) = preSolution
		HideSolutionNode = FALSE
	EndGlobalSection
	GlobalSection(ExtensibilityGlobals) = postSolution
		SolutionGuid = {3E1DA1FD-57DC-4F9A-9D6F-4C41A40FCE85}
	EndGlobalSection
EndGlobal
